
Microsoft Visual Studio Solution File, Format Version 12.00
# Visual Studio 15
VisualStudioVersion = 15.0.27428.2015
MinimumVisualStudioVersion = 10.0.40219.1
Project("{FAE04EC0-301F-11D3-BF4B-00C04F79EFBC}") = "CMS", "CMS.csproj", "{AAAC7F3A-12FB-45B3-AA7E-10FC00E7755F}"
EndProject
Global
	GlobalSection(SolutionConfigurationPlatforms) = preSolution
		Debug|Any CPU = Debug|Any CPU
		Release|Any CPU = Release|Any CPU
	EndGlobalSection
	GlobalSection(ProjectConfigurationPlatforms) = postSolution
		{AAAC7F3A-12FB-45B3-AA7E-10FC00E7755F}.Debug|Any CPU.ActiveCfg = Debug|Any CPU
		{AAAC7F3A-12FB-45B3-AA7E-10FC00E7755F}.Debug|Any CPU.Build.0 = Debug|Any CPU
		{AAAC7F3A-12FB-45B3-AA7E-10FC00E7755F}.Release|Any CPU.ActiveCfg = Release|Any CPU
		{AAAC7F3A-12FB-45B3-AA7E-10FC00E7755F}.Release|Any CPU.Build.0 = Release|Any CPU
	EndGlobalSection
	GlobalSection(SolutionProperties) = preSolution
		HideSolutionNode = FALSE
	EndGlobalSection
	GlobalSection(ExtensibilityGlobals) = postSolution
		SolutionGuid = {3D9EAA3F-25C2-4557-B029-55BCDFF316AC}
	EndGlobalSection
EndGlobal
